# THIS IS AN AUTOGENERATED FILE. DO NOT EDIT THIS FILE DIRECTLY.
# yarn lockfile v1


yarn@2.4.3:
  version "2.4.3"
  resolved "https://registry.yarnpkg.com/yarn/-/yarn-2.4.3.tgz#f6f3ca06dd47eb47db34a80bd461fc936db31f04"
  integrity sha512-HQ8VJL8v1Tlq+VVzcohmYw7dHtZ6VUB4/b2oHRGQc6Xv00AQjVk4C6cyqu4iHRI4esfgIi8S9doOm1d3Z3MlPA==
